
Microsoft Visual Studio Solution File, Format Version 12.00
# Visual Studio Version 17
VisualStudioVersion = 17.3.32804.467
MinimumVisualStudioVersion = 10.0.40219.1
Project("{8BC9CEB8-8B4A-11D0-8D11-00A0C91BC942}") = "CncTools", "CncTools.vcxproj", "{DFBC588B-232C-472B-BF06-2481D8AD280B}"
EndProject
Global
	GlobalSection(SolutionConfigurationPlatforms) = preSolution
		Debug|x64 = Debug|x64
		Release|x64 = Release|x64
	EndGlobalSection
	GlobalSection(ProjectConfigurationPlatforms) = postSolution
		{DFBC588B-232C-472B-BF06-2481D8AD280B}.Debug|x64.ActiveCfg = Debug|x64
		{DFBC588B-232C-472B-BF06-2481D8AD280B}.Debug|x64.Build.0 = Debug|x64
		{DFBC588B-232C-472B-BF06-2481D8AD280B}.Release|x64.ActiveCfg = Release|x64
		{DFBC588B-232C-472B-BF06-2481D8AD280B}.Release|x64.Build.0 = Release|x64
	EndGlobalSection
	GlobalSection(SolutionProperties) = preSolution
		HideSolutionNode = FALSE
	EndGlobalSection
	GlobalSection(ExtensibilityGlobals) = postSolution
		SolutionGuid = {233F79B5-B0CA-41C7-BDAF-07C2BF297299}
	EndGlobalSection
EndGlobal
